version = 1
revision = 3
requires-python = "==3.13.*"

[[package]]
name = "colorama"
version = "0.4.6"
source = { registry = "https://pypi.org/simple" }
sdist = { url = "https://files.pythonhosted.org/packages/d8/53/6f443c9a4a8358a93a6792e2acffb9d9d5cb0a5cfd8802644b7b1c9a02e4/colorama-0.4.6.tar.gz", hash = "sha256:08695f5cb7ed6e0531a20572697297273c47b8cae5a63ffc6d6ed5c201be6e44", size = 27697, upload-time = "2022-10-25T02:36:22.414Z" }
wheels = [
    { url = "https://files.pythonhosted.org/packages/d1/d6/3965ed04c63042e047cb6a3e6ed1a63a35087b6a609aa3a15ed8ac56c221/colorama-0.4.6-py2.py3-none-any.whl", hash = "sha256:4f1d9991f5acc0ca119f9d443620b77f9d6b33703e51011c16baf57afb285fc6", size = 25335, upload-time = "2022-10-25T02:36:20.889Z" },
]

[[package]]
name = "coverage"
version = "7.13.4"
source = { registry = "https://pypi.org/simple" }
sdist = { url = "https://files.pythonhosted.org/packages/24/56/95b7e30fa389756cb56630faa728da46a27b8c6eb46f9d557c68fff12b65/coverage-7.13.4.tar.gz", hash = "sha256:e5c8f6ed1e61a8b2dcdf31eb0b9bbf0130750ca79c1c49eb898e2ad86f5ccc91", size = 827239, upload-time = "2026-02-09T12:59:03.86Z" }
wheels = [
    { url = "https://files.pythonhosted.org/packages/db/23/aad45061a31677d68e47499197a131eea55da4875d16c1f42021ab963503/coverage-7.13.4-cp313-cp313-macosx_10_13_x86_64.whl", hash = "sha256:b66a2da594b6068b48b2692f043f35d4d3693fb639d5ea8b39533c2ad9ac3ab9", size = 219474, upload-time = "2026-02-09T12:57:19.332Z" },
    { url = "https://files.pythonhosted.org/packages/a5/70/9b8b67a0945f3dfec1fd896c5cefb7c19d5a3a6d74630b99a895170999ae/coverage-7.13.4-cp313-cp313-macosx_11_0_arm64.whl", hash = "sha256:3599eb3992d814d23b35c536c28df1a882caa950f8f507cef23d1cbf334995ac", size = 219844, upload-time = "2026-02-09T12:57:20.66Z" },
    { url = "https://files.pythonhosted.org/packages/97/fd/7e859f8fab324cef6c4ad7cff156ca7c489fef9179d5749b0c8d321281c2/coverage-7.13.4-cp313-cp313-manylinux1_i686.manylinux_2_28_i686.manylinux_2_5_i686.whl", hash = "sha256:93550784d9281e374fb5a12bf1324cc8a963fd63b2d2f223503ef0fd4aa339ea", size = 250832, upload-time = "2026-02-09T12:57:22.007Z" },
    { url = "https://files.pythonhosted.org/packages/e4/dc/b2442d10020c2f52617828862d8b6ee337859cd8f3a1f13d607dddda9cf7/coverage-7.13.4-cp313-cp313-manylinux1_x86_64.manylinux_2_28_x86_64.manylinux_2_5_x86_64.whl", hash = "sha256:b720ce6a88a2755f7c697c23268ddc47a571b88052e6b155224347389fdf6a3b", size = 253434, upload-time = "2026-02-09T12:57:23.339Z" },
    { url = "https://files.pythonhosted.org/packages/5a/88/6728a7ad17428b18d836540630487231f5470fb82454871149502f5e5aa2/coverage-7.13.4-cp313-cp313-manylinux2014_aarch64.manylinux_2_17_aarch64.manylinux_2_28_aarch64.whl", hash = "sha256:7b322db1284a2ed3aa28ffd8ebe3db91c929b7a333c0820abec3d838ef5b3525", size = 254676, upload-time = "2026-02-09T12:57:24.774Z" },
    { url = "https://files.pythonhosted.org/packages/7c/bc/21244b1b8cedf0dff0a2b53b208015fe798d5f2a8d5348dbfece04224fff/coverage-7.13.4-cp313-cp313-manylinux2014_ppc64le.manylinux_2_17_ppc64le.manylinux_2_28_ppc64le.whl", hash = "sha256:f4594c67d8a7c89cf922d9df0438c7c7bb022ad506eddb0fdb2863359ff78242", size = 256807, upload-time = "2026-02-09T12:57:26.125Z" },
    { url = "https://files.pythonhosted.org/packages/97/a0/ddba7ed3251cff51006737a727d84e05b61517d1784a9988a846ba508877/coverage-7.13.4-cp313-cp313-manylinux_2_31_riscv64.manylinux_2_39_riscv64.whl", hash = "sha256:53d133df809c743eb8bce33b24bcababb371f4441340578cd406e084d94a6148", size = 251058, upload-time = "2026-02-09T12:57:27.614Z" },
    { url = "https://files.pythonhosted.org/packages/9b/55/e289addf7ff54d3a540526f33751951bf0878f3809b47f6dfb3def69c6f7/coverage-7.13.4-cp313-cp313-musllinux_1_2_aarch64.whl", hash = "sha256:76451d1978b95ba6507a039090ba076105c87cc76fc3efd5d35d72093964d49a", size = 252805, upload-time = "2026-02-09T12:57:29.066Z" },
    { url = "https://files.pythonhosted.org/packages/13/4e/cc276b1fa4a59be56d96f1dabddbdc30f4ba22e3b1cd42504c37b3313255/coverage-7.13.4-cp313-cp313-musllinux_1_2_i686.whl", hash = "sha256:7f57b33491e281e962021de110b451ab8a24182589be17e12a22c79047935e23", size = 250766, upload-time = "2026-02-09T12:57:30.522Z" },
    { url = "https://files.pythonhosted.org/packages/94/44/1093b8f93018f8b41a8cf29636c9292502f05e4a113d4d107d14a3acd044/coverage-7.13.4-cp313-cp313-musllinux_1_2_ppc64le.whl", hash = "sha256:1731dc33dc276dafc410a885cbf5992f1ff171393e48a21453b78727d090de80", size = 254923, upload-time = "2026-02-09T12:57:31.946Z" },
    { url = "https://files.pythonhosted.org/packages/8b/55/ea2796da2d42257f37dbea1aab239ba9263b31bd91d5527cdd6db5efe174/coverage-7.13.4-cp313-cp313-musllinux_1_2_riscv64.whl", hash = "sha256:bd60d4fe2f6fa7dff9223ca1bbc9f05d2b6697bc5961072e5d3b952d46e1b1ea", size = 250591, upload-time = "2026-02-09T12:57:33.842Z" },
    { url = "https://files.pythonhosted.org/packages/d4/fa/7c4bb72aacf8af5020675aa633e59c1fbe296d22aed191b6a5b711eb2bc7/coverage-7.13.4-cp313-cp313-musllinux_1_2_x86_64.whl", hash = "sha256:9181a3ccead280b828fae232df12b16652702b49d41e99d657f46cc7b1f6ec7a", size = 252364, upload-time = "2026-02-09T12:57:35.743Z" },
    { url = "https://files.pythonhosted.org/packages/5c/38/a8d2ec0146479c20bbaa7181b5b455a0c41101eed57f10dd19a78ab44c80/coverage-7.13.4-cp313-cp313-win32.whl", hash = "sha256:f53d492307962561ac7de4cd1de3e363589b000ab69617c6156a16ba7237998d", size = 222010, upload-time = "2026-02-09T12:57:37.25Z" },
    { url = "https://files.pythonhosted.org/packages/e2/0c/dbfafbe90a185943dcfbc766fe0e1909f658811492d79b741523a414a6cc/coverage-7.13.4-cp313-cp313-win_amd64.whl", hash = "sha256:e6f70dec1cc557e52df5306d051ef56003f74d56e9c4dd7ddb07e07ef32a84dd", size = 222818, upload-time = "2026-02-09T12:57:38.734Z" },
    { url = "https://files.pythonhosted.org/packages/04/d1/934918a138c932c90d78301f45f677fb05c39a3112b96fd2c8e60503cdc7/coverage-7.13.4-cp313-cp313-win_arm64.whl", hash = "sha256:fb07dc5da7e849e2ad31a5d74e9bece81f30ecf5a42909d0a695f8bd1874d6af", size = 221438, upload-time = "2026-02-09T12:57:40.223Z" },
    { url = "https://files.pythonhosted.org/packages/52/57/ee93ced533bcb3e6df961c0c6e42da2fc6addae53fb95b94a89b1e33ebd7/coverage-7.13.4-cp313-cp313t-macosx_10_13_x86_64.whl", hash = "sha256:40d74da8e6c4b9ac18b15331c4b5ebc35a17069410cad462ad4f40dcd2d50c0d", size = 220165, upload-time = "2026-02-09T12:57:41.639Z" },
    { url = "https://files.pythonhosted.org/packages/c5/e0/969fc285a6fbdda49d91af278488d904dcd7651b2693872f0ff94e40e84a/coverage-7.13.4-cp313-cp313t-macosx_11_0_arm64.whl", hash = "sha256:4223b4230a376138939a9173f1bdd6521994f2aff8047fae100d6d94d50c5a12", size = 220516, upload-time = "2026-02-09T12:57:44.215Z" },
    { url = "https://files.pythonhosted.org/packages/b1/b8/9531944e16267e2735a30a9641ff49671f07e8138ecf1ca13db9fd2560c7/coverage-7.13.4-cp313-cp313t-manylinux1_i686.manylinux_2_28_i686.manylinux_2_5_i686.whl", hash = "sha256:1d4be36a5114c499f9f1f9195e95ebf979460dbe2d88e6816ea202010ba1c34b", size = 261804, upload-time = "2026-02-09T12:57:45.989Z" },
    { url = "https://files.pythonhosted.org/packages/8a/f3/e63df6d500314a2a60390d1989240d5f27318a7a68fa30ad3806e2a9323e/coverage-7.13.4-cp313-cp313t-manylinux1_x86_64.manylinux_2_28_x86_64.manylinux_2_5_x86_64.whl", hash = "sha256:200dea7d1e8095cc6e98cdabe3fd1d21ab17d3cee6dab00cadbb2fe35d9c15b9", size = 263885, upload-time = "2026-02-09T12:57:47.42Z" },
    { url = "https://files.pythonhosted.org/packages/f3/67/7654810de580e14b37670b60a09c599fa348e48312db5b216d730857ffe6/coverage-7.13.4-cp313-cp313t-manylinux2014_aarch64.manylinux_2_17_aarch64.manylinux_2_28_aarch64.whl", hash = "sha256:b8eb931ee8e6d8243e253e5ed7336deea6904369d2fd8ae6e43f68abbf167092", size = 266308, upload-time = "2026-02-09T12:57:49.345Z" },
    { url = "https://files.pythonhosted.org/packages/37/6f/39d41eca0eab3cc82115953ad41c4e77935286c930e8fad15eaed1389d83/coverage-7.13.4-cp313-cp313t-manylinux2014_ppc64le.manylinux_2_17_ppc64le.manylinux_2_28_ppc64le.whl", hash = "sha256:75eab1ebe4f2f64d9509b984f9314d4aa788540368218b858dad56dc8f3e5eb9", size = 267452, upload-time = "2026-02-09T12:57:50.811Z" },
    { url = "https://files.pythonhosted.org/packages/50/6d/39c0fbb8fc5cd4d2090811e553c2108cf5112e882f82505ee7495349a6bf/coverage-7.13.4-cp313-cp313t-manylinux_2_31_riscv64.manylinux_2_39_riscv64.whl", hash = "sha256:c35eb28c1d085eb7d8c9b3296567a1bebe03ce72962e932431b9a61f28facf26", size = 261057, upload-time = "2026-02-09T12:57:52.447Z" },
    { url = "https://files.pythonhosted.org/packages/a4/a2/60010c669df5fa603bb5a97fb75407e191a846510da70ac657eb696b7fce/coverage-7.13.4-cp313-cp313t-musllinux_1_2_aarch64.whl", hash = "sha256:eb88b316ec33760714a4720feb2816a3a59180fd58c1985012054fa7aebee4c2", size = 263875, upload-time = "2026-02-09T12:57:53.938Z" },
    { url = "https://files.pythonhosted.org/packages/3e/d9/63b22a6bdbd17f1f96e9ed58604c2a6b0e72a9133e37d663bef185877cf6/coverage-7.13.4-cp313-cp313t-musllinux_1_2_i686.whl", hash = "sha256:7d41eead3cc673cbd38a4417deb7fd0b4ca26954ff7dc6078e33f6ff97bed940", size = 261500, upload-time = "2026-02-09T12:57:56.012Z" },
    { url = "https://files.pythonhosted.org/packages/70/bf/69f86ba1ad85bc3ad240e4c0e57a2e620fbc0e1645a47b5c62f0e941ad7f/coverage-7.13.4-cp313-cp313t-musllinux_1_2_ppc64le.whl", hash = "sha256:fb26a934946a6afe0e326aebe0730cdff393a8bc0bbb65a2f41e30feddca399c", size = 265212, upload-time = "2026-02-09T12:57:57.5Z" },
    { url = "https://files.pythonhosted.org/packages/ae/f2/5f65a278a8c2148731831574c73e42f57204243d33bedaaf18fa79c5958f/coverage-7.13.4-cp313-cp313t-musllinux_1_2_riscv64.whl", hash = "sha256:dae88bc0fc77edaa65c14be099bd57ee140cf507e6bfdeea7938457ab387efb0", size = 260398, upload-time = "2026-02-09T12:57:59.027Z" },
    { url = "https://files.pythonhosted.org/packages/ef/80/6e8280a350ee9fea92f14b8357448a242dcaa243cb2c72ab0ca591f66c8c/coverage-7.13.4-cp313-cp313t-musllinux_1_2_x86_64.whl", hash = "sha256:845f352911777a8e722bfce168958214951e07e47e5d5d9744109fa5fe77f79b", size = 262584, upload-time = "2026-02-09T12:58:01.129Z" },
    { url = "https://files.pythonhosted.org/packages/22/63/01ff182fc95f260b539590fb12c11ad3e21332c15f9799cb5e2386f71d9f/coverage-7.13.4-cp313-cp313t-win32.whl", hash = "sha256:2fa8d5f8de70688a28240de9e139fa16b153cc3cbb01c5f16d88d6505ebdadf9", size = 222688, upload-time = "2026-02-09T12:58:02.736Z" },
    { url = "https://files.pythonhosted.org/packages/a9/43/89de4ef5d3cd53b886afa114065f7e9d3707bdb3e5efae13535b46ae483d/coverage-7.13.4-cp313-cp313t-win_amd64.whl", hash = "sha256:9351229c8c8407645840edcc277f4a2d44814d1bc34a2128c11c2a031d45a5dd", size = 223746, upload-time = "2026-02-09T12:58:05.362Z" },
    { url = "https://files.pythonhosted.org/packages/35/39/7cf0aa9a10d470a5309b38b289b9bb07ddeac5d61af9b664fe9775a4cb3e/coverage-7.13.4-cp313-cp313t-win_arm64.whl", hash = "sha256:30b8d0512f2dc8c8747557e8fb459d6176a2c9e5731e2b74d311c03b78451997", size = 222003, upload-time = "2026-02-09T12:58:06.952Z" },
    { url = "https://files.pythonhosted.org/packages/0d/4a/331fe2caf6799d591109bb9c08083080f6de90a823695d412a935622abb2/coverage-7.13.4-py3-none-any.whl", hash = "sha256:1af1641e57cf7ba1bd67d677c9abdbcd6cc2ab7da3bca7fa1e2b7e50e65f2ad0", size = 211242, upload-time = "2026-02-09T12:59:02.032Z" },
]

[[package]]
name = "iniconfig"
version = "2.3.0"
source = { registry = "https://pypi.org/simple" }
sdist = { url = "https://files.pythonhosted.org/packages/72/34/14ca021ce8e5dfedc35312d08ba8bf51fdd999c576889fc2c24cb97f4f10/iniconfig-2.3.0.tar.gz", hash = "sha256:c76315c77db068650d49c5b56314774a7804df16fee4402c1f19d6d15d8c4730", size = 20503, upload-time = "2025-10-18T21:55:43.219Z" }
wheels = [
    { url = "https://files.pythonhosted.org/packages/cb/b1/3846dd7f199d53cb17f49cba7e651e9ce294d8497c8c150530ed11865bb8/iniconfig-2.3.0-py3-none-any.whl", hash = "sha256:f631c04d2c48c52b84d0d0549c99ff3859c98df65b3101406327ecc7d53fbf12", size = 7484, upload-time = "2025-10-18T21:55:41.639Z" },
]

[[package]]
name = "packaging"
version = "26.0"
source = { registry = "https://pypi.org/simple" }
sdist = { url = "https://files.pythonhosted.org/packages/65/ee/299d360cdc32edc7d2cf530f3accf79c4fca01e96ffc950d8a52213bd8e4/packaging-26.0.tar.gz", hash = "sha256:00243ae351a257117b6a241061796684b084ed1c516a08c48a3f7e147a9d80b4", size = 143416, upload-time = "2026-01-21T20:50:39.064Z" }
wheels = [
    { url = "https://files.pythonhosted.org/packages/b7/b9/c538f279a4e237a006a2c98387d081e9eb060d203d8ed34467cc0f0b9b53/packaging-26.0-py3-none-any.whl", hash = "sha256:b36f1fef9334a5588b4166f8bcd26a14e521f2b55e6b9de3aaa80d3ff7a37529", size = 74366, upload-time = "2026-01-21T20:50:37.788Z" },
]

[[package]]
name = "pluggy"
version = "1.6.0"
source = { registry = "https://pypi.org/simple" }
sdist = { url = "https://files.pythonhosted.org/packages/f9/e2/3e91f31a7d2b083fe6ef3fa267035b518369d9511ffab804f839851d2779/pluggy-1.6.0.tar.gz", hash = "sha256:7dcc130b76258d33b90f61b658791dede3486c3e6bfb003ee5c9bfb396dd22f3", size = 69412, upload-time = "2025-05-15T12:30:07.975Z" }
wheels = [
    { url = "https://files.pythonhosted.org/packages/54/20/4d324d65cc6d9205fabedc306948156824eb9f0ee1633355a8f7ec5c66bf/pluggy-1.6.0-py3-none-any.whl", hash = "sha256:e920276dd6813095e9377c0bc5566d94c932c33b27a3e3945d8389c374dd4746", size = 20538, upload-time = "2025-05-15T12:30:06.134Z" },
]

[[package]]
name = "pygments"
version = "2.19.2"
source = { registry = "https://pypi.org/simple" }
sdist = { url = "https://files.pythonhosted.org/packages/b0/77/a5b8c569bf593b0140bde72ea885a803b82086995367bf2037de0159d924/pygments-2.19.2.tar.gz", hash = "sha256:636cb2477cec7f8952536970bc533bc43743542f70392ae026374600add5b887", size = 4968631, upload-time = "2025-06-21T13:39:12.283Z" }
wheels = [
    { url = "https://files.pythonhosted.org/packages/c7/21/705964c7812476f378728bdf590ca4b771ec72385c533964653c68e86bdc/pygments-2.19.2-py3-none-any.whl", hash = "sha256:86540386c03d588bb81d44bc3928634ff26449851e99741617ecb9037ee5ec0b", size = 1225217, upload-time = "2025-06-21T13:39:07.939Z" },
]

[[package]]
name = "pyproject-fmt"
version = "2.15.2"
source = { registry = "https://pypi.org/simple" }
dependencies = [
    { name = "toml-fmt-common" },
]
sdist = { url = "https://files.pythonhosted.org/packages/7e/34/0586cba8a147011b7708ef08bd24f6e457669b3953bd2ac8c08d18d81395/pyproject_fmt-2.15.2.tar.gz", hash = "sha256:10b22effb4c1ac12033d41b089bee60aded60f2241e0b95f2794917fc7d5dac8", size = 126980, upload-time = "2026-02-10T23:19:03.435Z" }
wheels = [
    { url = "https://files.pythonhosted.org/packages/64/81/f537fb52345096912ed86dac5805768349758593f7a0112dc25db412010f/pyproject_fmt-2.15.2-cp39-abi3-macosx_10_12_x86_64.whl", hash = "sha256:7ec5b8cc45125362ac29ef5e79c653a08865a73758bda905920d724f4e806f4b", size = 4708882, upload-time = "2026-02-10T23:18:41.996Z" },
    { url = "https://files.pythonhosted.org/packages/e6/4e/a8a6419a79586254d0f81f682e6de7dc6b49b99aa7e5ee5b9e34c666e9e2/pyproject_fmt-2.15.2-cp39-abi3-macosx_11_0_arm64.whl", hash = "sha256:cebc1e2073730e66be7072110c0237bbe9ba1e751045d64397daf21ee4b44f50", size = 4521260, upload-time = "2026-02-10T23:18:44.366Z" },
    { url = "https://files.pythonhosted.org/packages/83/4a/35b9b0b9da2c3799564580af44a5a851773b80fd519e7c2b41e5c939d008/pyproject_fmt-2.15.2-cp39-abi3-manylinux_2_28_aarch64.whl", hash = "sha256:7a0d6e2675831d00aa8fc54a028727e51e64fa2936f798c87661542da2945ea9", size = 4666216, upload-time = "2026-02-10T23:18:46.375Z" },
    { url = "https://files.pythonhosted.org/packages/90/c0/bfc9ee58a73820933b7935ac710f96f0cece96dc94527f4bec3b3e796575/pyproject_fmt-2.15.2-cp39-abi3-manylinux_2_28_x86_64.whl", hash = "sha256:cdf004e3591e9450f0cbcfb9a39f198f4a5f50d40ad3a26e0f9e9ddf513d7bbc", size = 4970963, upload-time = "2026-02-10T23:18:48.188Z" },
    { url = "https://files.pythonhosted.org/packages/ff/d2/e0a57cb6f2812da6ea0d9c3e1ec83108c2efe737549be603cd7dccd3b4da/pyproject_fmt-2.15.2-cp39-abi3-manylinux_2_31_riscv64.whl", hash = "sha256:1f59674432fa93410ca2697d2d868793f411a055b9bb9a5a2127047c77fced40", size = 4707417, upload-time = "2026-02-10T23:18:49.92Z" },
    { url = "https://files.pythonhosted.org/packages/ff/dc/ac96ef4adf722809fb2bf048ec4888a3dfded4e4028072b03631cd4e4d6d/pyproject_fmt-2.15.2-cp39-abi3-musllinux_1_2_x86_64.whl", hash = "sha256:dce488a7d99bdac0fde30addb2455ffe220f2063181079653d4754544ce57aed", size = 5173555, upload-time = "2026-02-10T23:18:52.398Z" },
    { url = "https://files.pythonhosted.org/packages/96/db/7c0efc419d846407a966d3ee581505043828c1e43f97f5424f12fb4d1e8d/pyproject_fmt-2.15.2-cp39-abi3-win_amd64.whl", hash = "sha256:3767a4b185490ac65e73e5ff1d4bc304d48cdddde1efe95f8c364ae6ed1867ec", size = 4826862, upload-time = "2026-02-10T23:18:54.141Z" },
]

[[package]]
name = "pytest"
version = "9.0.2"
source = { registry = "https://pypi.org/simple" }
dependencies = [
    { name = "colorama", marker = "sys_platform == 'win32'" },
    { name = "iniconfig" },
    { name = "packaging" },
    { name = "pluggy" },
    { name = "pygments" },
]
sdist = { url = "https://files.pythonhosted.org/packages/d1/db/7ef3487e0fb0049ddb5ce41d3a49c235bf9ad299b6a25d5780a89f19230f/pytest-9.0.2.tar.gz", hash = "sha256:75186651a92bd89611d1d9fc20f0b4345fd827c41ccd5c299a868a05d70edf11", size = 1568901, upload-time = "2025-12-06T21:30:51.014Z" }
wheels = [
    { url = "https://files.pythonhosted.org/packages/3b/ab/b3226f0bd7cdcf710fbede2b3548584366da3b19b5021e74f5bde2a8fa3f/pytest-9.0.2-py3-none-any.whl", hash = "sha256:711ffd45bf766d5264d487b917733b453d917afd2b0ad65223959f59089f875b", size = 374801, upload-time = "2025-12-06T21:30:49.154Z" },
]

[[package]]
name = "pytest-cov"
version = "7.0.0"
source = { registry = "https://pypi.org/simple" }
dependencies = [
    { name = "coverage" },
    { name = "pluggy" },
    { name = "pytest" },
]
sdist = { url = "https://files.pythonhosted.org/packages/5e/f7/c933acc76f5208b3b00089573cf6a2bc26dc80a8aece8f52bb7d6b1855ca/pytest_cov-7.0.0.tar.gz", hash = "sha256:33c97eda2e049a0c5298e91f519302a1334c26ac65c1a483d6206fd458361af1", size = 54328, upload-time = "2025-09-09T10:57:02.113Z" }
wheels = [
    { url = "https://files.pythonhosted.org/packages/ee/49/1377b49de7d0c1ce41292161ea0f721913fa8722c19fb9c1e3aa0367eecb/pytest_cov-7.0.0-py3-none-any.whl", hash = "sha256:3b8e9558b16cc1479da72058bdecf8073661c7f57f7d3c5f22a1c23507f2d861", size = 22424, upload-time = "2025-09-09T10:57:00.695Z" },
]

[[package]]
name = "ruff"
version = "0.15.0"
source = { registry = "https://pypi.org/simple" }
sdist = { url = "https://files.pythonhosted.org/packages/c8/39/5cee96809fbca590abea6b46c6d1c586b49663d1d2830a751cc8fc42c666/ruff-0.15.0.tar.gz", hash = "sha256:6bdea47cdbea30d40f8f8d7d69c0854ba7c15420ec75a26f463290949d7f7e9a", size = 4524893, upload-time = "2026-02-03T17:53:35.357Z" }
wheels = [
    { url = "https://files.pythonhosted.org/packages/bc/88/3fd1b0aa4b6330d6aaa63a285bc96c9f71970351579152d231ed90914586/ruff-0.15.0-py3-none-linux_armv6l.whl", hash = "sha256:aac4ebaa612a82b23d45964586f24ae9bc23ca101919f5590bdb368d74ad5455", size = 10354332, upload-time = "2026-02-03T17:52:54.892Z" },
    { url = "https://files.pythonhosted.org/packages/72/f6/62e173fbb7eb75cc29fe2576a1e20f0a46f671a2587b5f604bfb0eaf5f6f/ruff-0.15.0-py3-none-macosx_10_12_x86_64.whl", hash = "sha256:dcd4be7cc75cfbbca24a98d04d0b9b36a270d0833241f776b788d59f4142b14d", size = 10767189, upload-time = "2026-02-03T17:53:19.778Z" },
    { url = "https://files.pythonhosted.org/packages/99/e4/968ae17b676d1d2ff101d56dc69cf333e3a4c985e1ec23803df84fc7bf9e/ruff-0.15.0-py3-none-macosx_11_0_arm64.whl", hash = "sha256:d747e3319b2bce179c7c1eaad3d884dc0a199b5f4d5187620530adf9105268ce", size = 10075384, upload-time = "2026-02-03T17:53:29.241Z" },
    { url = "https://files.pythonhosted.org/packages/a2/bf/9843c6044ab9e20af879c751487e61333ca79a2c8c3058b15722386b8cae/ruff-0.15.0-py3-none-manylinux_2_17_aarch64.manylinux2014_aarch64.whl", hash = "sha256:650bd9c56ae03102c51a5e4b554d74d825ff3abe4db22b90fd32d816c2e90621", size = 10481363, upload-time = "2026-02-03T17:52:43.332Z" },
    { url = "https://files.pythonhosted.org/packages/55/d9/4ada5ccf4cd1f532db1c8d44b6f664f2208d3d93acbeec18f82315e15193/ruff-0.15.0-py3-none-manylinux_2_17_armv7l.manylinux2014_armv7l.whl", hash = "sha256:a6664b7eac559e3048223a2da77769c2f92b43a6dfd4720cef42654299a599c9", size = 10187736, upload-time = "2026-02-03T17:53:00.522Z" },
    { url = "https://files.pythonhosted.org/packages/86/e2/f25eaecd446af7bb132af0a1d5b135a62971a41f5366ff41d06d25e77a91/ruff-0.15.0-py3-none-manylinux_2_17_i686.manylinux2014_i686.whl", hash = "sha256:6f811f97b0f092b35320d1556f3353bf238763420ade5d9e62ebd2b73f2ff179", size = 10968415, upload-time = "2026-02-03T17:53:15.705Z" },
    { url = "https://files.pythonhosted.org/packages/e7/dc/f06a8558d06333bf79b497d29a50c3a673d9251214e0d7ec78f90b30aa79/ruff-0.15.0-py3-none-manylinux_2_17_ppc64le.manylinux2014_ppc64le.whl", hash = "sha256:761ec0a66680fab6454236635a39abaf14198818c8cdf691e036f4bc0f406b2d", size = 11809643, upload-time = "2026-02-03T17:53:23.031Z" },
    { url = "https://files.pythonhosted.org/packages/dd/45/0ece8db2c474ad7df13af3a6d50f76e22a09d078af63078f005057ca59eb/ruff-0.15.0-py3-none-manylinux_2_17_s390x.manylinux2014_s390x.whl", hash = "sha256:940f11c2604d317e797b289f4f9f3fa5555ffe4fb574b55ed006c3d9b6f0eb78", size = 11234787, upload-time = "2026-02-03T17:52:46.432Z" },
    { url = "https://files.pythonhosted.org/packages/8a/d9/0e3a81467a120fd265658d127db648e4d3acfe3e4f6f5d4ea79fac47e587/ruff-0.15.0-py3-none-manylinux_2_17_x86_64.manylinux2014_x86_64.whl", hash = "sha256:bcbca3d40558789126da91d7ef9a7c87772ee107033db7191edefa34e2c7f1b4", size = 11112797, upload-time = "2026-02-03T17:52:49.274Z" },
    { url = "https://files.pythonhosted.org/packages/b2/cb/8c0b3b0c692683f8ff31351dfb6241047fa873a4481a76df4335a8bff716/ruff-0.15.0-py3-none-manylinux_2_31_riscv64.whl", hash = "sha256:9a121a96db1d75fa3eb39c4539e607f628920dd72ff1f7c5ee4f1b768ac62d6e", size = 11033133, upload-time = "2026-02-03T17:53:33.105Z" },
    { url = "https://files.pythonhosted.org/packages/f8/5e/23b87370cf0f9081a8c89a753e69a4e8778805b8802ccfe175cc410e50b9/ruff-0.15.0-py3-none-musllinux_1_2_aarch64.whl", hash = "sha256:5298d518e493061f2eabd4abd067c7e4fb89e2f63291c94332e35631c07c3662", size = 10442646, upload-time = "2026-02-03T17:53:06.278Z" },
    { url = "https://files.pythonhosted.org/packages/e1/9a/3c94de5ce642830167e6d00b5c75aacd73e6347b4c7fc6828699b150a5ee/ruff-0.15.0-py3-none-musllinux_1_2_armv7l.whl", hash = "sha256:afb6e603d6375ff0d6b0cee563fa21ab570fd15e65c852cb24922cef25050cf1", size = 10195750, upload-time = "2026-02-03T17:53:26.084Z" },
    { url = "https://files.pythonhosted.org/packages/30/15/e396325080d600b436acc970848d69df9c13977942fb62bb8722d729bee8/ruff-0.15.0-py3-none-musllinux_1_2_i686.whl", hash = "sha256:77e515f6b15f828b94dc17d2b4ace334c9ddb7d9468c54b2f9ed2b9c1593ef16", size = 10676120, upload-time = "2026-02-03T17:53:09.363Z" },
    { url = "https://files.pythonhosted.org/packages/8d/c9/229a23d52a2983de1ad0fb0ee37d36e0257e6f28bfd6b498ee2c76361874/ruff-0.15.0-py3-none-musllinux_1_2_x86_64.whl", hash = "sha256:6f6e80850a01eb13b3e42ee0ebdf6e4497151b48c35051aab51c101266d187a3", size = 11201636, upload-time = "2026-02-03T17:52:57.281Z" },
    { url = "https://files.pythonhosted.org/packages/6f/b0/69adf22f4e24f3677208adb715c578266842e6e6a3cc77483f48dd999ede/ruff-0.15.0-py3-none-win32.whl", hash = "sha256:238a717ef803e501b6d51e0bdd0d2c6e8513fe9eec14002445134d3907cd46c3", size = 10465945, upload-time = "2026-02-03T17:53:12.591Z" },
    { url = "https://files.pythonhosted.org/packages/51/ad/f813b6e2c97e9b4598be25e94a9147b9af7e60523b0cb5d94d307c15229d/ruff-0.15.0-py3-none-win_amd64.whl", hash = "sha256:dd5e4d3301dc01de614da3cdffc33d4b1b96fb89e45721f1598e5532ccf78b18", size = 11564657, upload-time = "2026-02-03T17:52:51.893Z" },
    { url = "https://files.pythonhosted.org/packages/f6/b0/2d823f6e77ebe560f4e397d078487e8d52c1516b331e3521bc75db4272ca/ruff-0.15.0-py3-none-win_arm64.whl", hash = "sha256:c480d632cc0ca3f0727acac8b7d053542d9e114a462a145d0b00e7cd658c515a", size = 10865753, upload-time = "2026-02-03T17:53:03.014Z" },
]

[[package]]
name = "toml-fmt-common"
version = "1.2.0"
source = { registry = "https://pypi.org/simple" }
sdist = { url = "https://files.pythonhosted.org/packages/dd/26/00c52fb55720e0e3056d59936f959e9dcb7a5caf3a21619eb5c2ba7b5144/toml_fmt_common-1.2.0.tar.gz", hash = "sha256:9c3630dc9409157e866b27ee0cdacf453636735b26dcf0fff385d3d2c1166698", size = 9735, upload-time = "2026-01-30T08:37:45.131Z" }
wheels = [
    { url = "https://files.pythonhosted.org/packages/5f/bb/aabb52533ec79abccbed8b8fcef386e4037f581c42fc0331e859039619da/toml_fmt_common-1.2.0-py3-none-any.whl", hash = "sha256:f27ba0f4a3594035f3385231d23d437a49bd6ff67ec624424a677c2b304076d3", size = 5699, upload-time = "2026-01-30T08:37:44.069Z" },
]

[[package]]
name = "tons-tw-python-minimal-starter"
version = "0.1.0"
source = { virtual = "." }

[package.dev-dependencies]
dev = [
    { name = "pyproject-fmt" },
    { name = "pytest" },
    { name = "pytest-cov" },
    { name = "ruff" },
]

[package.metadata]

[package.metadata.requires-dev]
dev = [
    { name = "pyproject-fmt", specifier = "~=2.15.2" },
    { name = "pytest", specifier = "~=9.0.2" },
    { name = "pytest-cov", specifier = "~=7.0.0" },
    { name = "ruff", specifier = ">=0.15" },
]
